
Microsoft Visual Studio Solution File, Format Version 12.00
# Visual Studio Version 16
VisualStudioVersion = 16.0.32407.337
MinimumVisualStudioVersion = 10.0.40219.1
Project("{FAE04EC0-301F-11D3-BF4B-00C04F79EFBC}") = "MyShop.Core", "MyShop.Core\MyShop.Core.csproj", "{A8FB6819-A489-4754-989E-9D2C4786B691}"
EndProject
Project("{FAE04EC0-301F-11D3-BF4B-00C04F79EFBC}") = "MyShop.Services", "MyShop.Services\MyShop.Services.csproj", "{0FCE5273-D45D-4AA8-A0FF-A3D5B42FD47B}"
EndProject
Project("{FAE04EC0-301F-11D3-BF4B-00C04F79EFBC}") = "MyShop.DataAccess.SQL", "MyShop.DataAccess.SQL\MyShop.DataAccess.SQL.csproj", "{DD0171F5-CF7F-44A1-BF40-8E0FFCE87193}"
EndProject
Project("{FAE04EC0-301F-11D3-BF4B-00C04F79EFBC}") = "MyShop.DataAccess.InMemory", "MyShop.DataAccess.InMemory\MyShop.DataAccess.InMemory.csproj", "{15F052C9-5BD6-4094-A242-FAAAF8D532D1}"
EndProject
Project("{FAE04EC0-301F-11D3-BF4B-00C04F79EFBC}") = "MyShop.WebUI", "MyShop.WebUI\MyShop.WebUI.csproj", "{F935EA4C-397B-4D38-8B05-D427CDBD92E1}"
EndProject
Project("{FAE04EC0-301F-11D3-BF4B-00C04F79EFBC}") = "MyShop.WebUI.Tests", "MyShop.WebUI.Tests\MyShop.WebUI.Tests.csproj", "{791A89B1-67F7-4F10-BE68-BCD5D3AD1C63}"
EndProject
Global
	GlobalSection(SolutionConfigurationPlatforms) = preSolution
		Debug|Any CPU = Debug|Any CPU
		Release|Any CPU = Release|Any CPU
	EndGlobalSection
	GlobalSection(ProjectConfigurationPlatforms) = postSolution
		{A8FB6819-A489-4754-989E-9D2C4786B691}.Debug|Any CPU.ActiveCfg = Debug|Any CPU
		{A8FB6819-A489-4754-989E-9D2C4786B691}.Debug|Any CPU.Build.0 = Debug|Any CPU
		{A8FB6819-A489-4754-989E-9D2C4786B691}.Release|Any CPU.ActiveCfg = Release|Any CPU
		{A8FB6819-A489-4754-989E-9D2C4786B691}.Release|Any CPU.Build.0 = Release|Any CPU
		{0FCE5273-D45D-4AA8-A0FF-A3D5B42FD47B}.Debug|Any CPU.ActiveCfg = Debug|Any CPU
		{0FCE5273-D45D-4AA8-A0FF-A3D5B42FD47B}.Debug|Any CPU.Build.0 = Debug|Any CPU
		{0FCE5273-D45D-4AA8-A0FF-A3D5B42FD47B}.Release|Any CPU.ActiveCfg = Release|Any CPU
		{0FCE5273-D45D-4AA8-A0FF-A3D5B42FD47B}.Release|Any CPU.Build.0 = Release|Any CPU
		{DD0171F5-CF7F-44A1-BF40-8E0FFCE87193}.Debug|Any CPU.ActiveCfg = Debug|Any CPU
		{DD0171F5-CF7F-44A1-BF40-8E0FFCE87193}.Debug|Any CPU.Build.0 = Debug|Any CPU
		{DD0171F5-CF7F-44A1-BF40-8E0FFCE87193}.Release|Any CPU.ActiveCfg = Release|Any CPU
		{DD0171F5-CF7F-44A1-BF40-8E0FFCE87193}.Release|Any CPU.Build.0 = Release|Any CPU
		{15F052C9-5BD6-4094-A242-FAAAF8D532D1}.Debug|Any CPU.ActiveCfg = Debug|Any CPU
		{15F052C9-5BD6-4094-A242-FAAAF8D532D1}.Debug|Any CPU.Build.0 = Debug|Any CPU
		{15F052C9-5BD6-4094-A242-FAAAF8D532D1}.Release|Any CPU.ActiveCfg = Release|Any CPU
		{15F052C9-5BD6-4094-A242-FAAAF8D532D1}.Release|Any CPU.Build.0 = Release|Any CPU
		{F935EA4C-397B-4D38-8B05-D427CDBD92E1}.Debug|Any CPU.ActiveCfg = Debug|Any CPU
		{F935EA4C-397B-4D38-8B05-D427CDBD92E1}.Debug|Any CPU.Build.0 = Debug|Any CPU
		{F935EA4C-397B-4D38-8B05-D427CDBD92E1}.Release|Any CPU.ActiveCfg = Release|Any CPU
		{F935EA4C-397B-4D38-8B05-D427CDBD92E1}.Release|Any CPU.Build.0 = Release|Any CPU
		{791A89B1-67F7-4F10-BE68-BCD5D3AD1C63}.Debug|Any CPU.ActiveCfg = Debug|Any CPU
		{791A89B1-67F7-4F10-BE68-BCD5D3AD1C63}.Debug|Any CPU.Build.0 = Debug|Any CPU
		{791A89B1-67F7-4F10-BE68-BCD5D3AD1C63}.Release|Any CPU.ActiveCfg = Release|Any CPU
		{791A89B1-67F7-4F10-BE68-BCD5D3AD1C63}.Release|Any CPU.Build.0 = Release|Any CPU
	EndGlobalSection
	GlobalSection(SolutionProperties) = preSolution
		HideSolutionNode = FALSE
	EndGlobalSection
	GlobalSection(ExtensibilityGlobals) = postSolution
		SolutionGuid = {BDBFC6A4-7D5B-417A-988B-999AC78DC09D}
	EndGlobalSection
EndGlobal
